{
    "_readme": [
        "This file locks the dependencies of your project to a known state",
        "Read more about it at http://getcomposer.org/doc/01-basic-usage.md#composer-lock-the-lock-file"
    ],
    "hash": "e8bfeb95bb753da8f136f2a6e571efe4",
    "packages": [
        {
            "name": "gabordemooij/redbean",
            "version": "dev-master",
            "source": {
                "type": "git",
                "url": "https://github.com/gabordemooij/redbean.git",
                "reference": "0fb92d14ba9498e774357afbd7f4c77216e07afd"
            },
            "dist": {
                "type": "zip",
                "url": "https://api.github.com/repos/gabordemooij/redbean/zipball/0fb92d14ba9498e774357afbd7f4c77216e07afd",
                "reference": "0fb92d14ba9498e774357afbd7f4c77216e07afd",
                "shasum": ""
            },
            "require": {
                "php": ">=5.2.0"
            },
            "type": "library",
            "autoload": {
                "psr-0": {
                    "RedBean_": ""
                }
            },
            "notification-url": "https://packagist.org/downloads/",
            "license": [
                "BSD"
            ],
            "authors": [
                {
                    "name": "Gabor de Mooij",
                    "email": "gabordemooij@gmail.com",
                    "homepage": "http://www.redbeanphp.com",
                    "role": "Developer"
                }
            ],
            "description": "Easy ORM for PHP",
            "homepage": "http://github.com/gabordemooij/redbean",
            "keywords": [
                "Object Relational Mapping",
                "orm"
            ],
            "time": "2014-03-24 23:39:52"
        },
        {
            "name": "symfony/css-selector",
            "version": "v2.4.2",
            "target-dir": "Symfony/Component/CssSelector",
            "source": {
                "type": "git",
                "url": "https://github.com/symfony/CssSelector.git",
                "reference": "ed1d61b2e23a0fd5dba0b20651258c4633d3e3a7"
            },
            "dist": {
                "type": "zip",
                "url": "https://api.github.com/repos/symfony/CssSelector/zipball/ed1d61b2e23a0fd5dba0b20651258c4633d3e3a7",
                "reference": "ed1d61b2e23a0fd5dba0b20651258c4633d3e3a7",
                "shasum": ""
            },
            "require": {
                "php": ">=5.3.3"
            },
            "type": "library",
            "extra": {
                "branch-alias": {
                    "dev-master": "2.4-dev"
                }
            },
            "autoload": {
                "psr-0": {
                    "Symfony\\Component\\CssSelector\\": ""
                }
            },
            "notification-url": "https://packagist.org/downloads/",
            "license": [
                "MIT"
            ],
            "authors": [
                {
                    "name": "Fabien Potencier",
                    "email": "fabien@symfony.com",
                    "homepage": "http://fabien.potencier.org",
                    "role": "Lead Developer"
                },
                {
                    "name": "Symfony Community",
                    "homepage": "http://symfony.com/contributors"
                },
                {
                    "name": "Jean-François Simon",
                    "email": "jeanfrancois.simon@sensiolabs.com"
                }
            ],
            "description": "Symfony CssSelector Component",
            "homepage": "http://symfony.com",
            "time": "2014-02-11 13:52:09"
        },
        {
            "name": "symfony/dom-crawler",
            "version": "2.4.x-dev",
            "target-dir": "Symfony/Component/DomCrawler",
            "source": {
                "type": "git",
                "url": "https://github.com/symfony/DomCrawler.git",
                "reference": "53667cc8b0334db049e388a2855a1a4732ab891c"
            },
            "dist": {
                "type": "zip",
                "url": "https://api.github.com/repos/symfony/DomCrawler/zipball/53667cc8b0334db049e388a2855a1a4732ab891c",
                "reference": "53667cc8b0334db049e388a2855a1a4732ab891c",
                "shasum": ""
            },
            "require": {
                "php": ">=5.3.3"
            },
            "require-dev": {
                "symfony/css-selector": "~2.0"
            },
            "suggest": {
                "symfony/css-selector": ""
            },
            "type": "library",
            "extra": {
                "branch-alias": {
                    "dev-master": "2.4-dev"
                }
            },
            "autoload": {
                "psr-0": {
                    "Symfony\\Component\\DomCrawler\\": ""
                }
            },
            "notification-url": "https://packagist.org/downloads/",
            "license": [
                "MIT"
            ],
            "authors": [
                {
                    "name": "Fabien Potencier",
                    "email": "fabien@symfony.com",
                    "homepage": "http://fabien.potencier.org",
                    "role": "Lead Developer"
                },
                {
                    "name": "Symfony Community",
                    "homepage": "http://symfony.com/contributors"
                }
            ],
            "description": "Symfony DomCrawler Component",
            "homepage": "http://symfony.com",
            "time": "2014-03-26 12:00:53"
        }
    ],
    "packages-dev": [

    ],
    "aliases": [

    ],
    "minimum-stability": "stable",
    "stability-flags": {
        "gabordemooij/redbean": 20,
        "symfony/dom-crawler": 20
    },
    "platform": [

    ],
    "platform-dev": [

    ]
}
